
Microsoft Visual Studio Solution File, Format Version 12.00
# Visual Studio 15
VisualStudioVersion = 15.0.28307.329
MinimumVisualStudioVersion = 10.0.40219.1
Project("{8BC9CEB8-8B4A-11D0-8D11-00A0C91BC942}") = "NativeAPI", "NativeAPI.vcxproj", "{DC268E67-0C2F-4B30-A3BC-6890FA5DD1EC}"
EndProject
Global
	GlobalSection(SolutionConfigurationPlatforms) = preSolution
		Debug|x64 = Debug|x64
		Debug|x86 = Debug|x86
		Release|x64 = Release|x64
		Release|x86 = Release|x86
	EndGlobalSection
	GlobalSection(ProjectConfigurationPlatforms) = postSolution
		{DC268E67-0C2F-4B30-A3BC-6890FA5DD1EC}.Debug|x64.ActiveCfg = Debug|x64
		{DC268E67-0C2F-4B30-A3BC-6890FA5DD1EC}.Debug|x64.Build.0 = Debug|x64
		{DC268E67-0C2F-4B30-A3BC-6890FA5DD1EC}.Debug|x86.ActiveCfg = Debug|Win32
		{DC268E67-0C2F-4B30-A3BC-6890FA5DD1EC}.Debug|x86.Build.0 = Debug|Win32
		{DC268E67-0C2F-4B30-A3BC-6890FA5DD1EC}.Release|x64.ActiveCfg = Release|x64
		{DC268E67-0C2F-4B30-A3BC-6890FA5DD1EC}.Release|x64.Build.0 = Release|x64
		{DC268E67-0C2F-4B30-A3BC-6890FA5DD1EC}.Release|x86.ActiveCfg = Release|Win32
		{DC268E67-0C2F-4B30-A3BC-6890FA5DD1EC}.Release|x86.Build.0 = Release|Win32
	EndGlobalSection
	GlobalSection(SolutionProperties) = preSolution
		HideSolutionNode = FALSE
	EndGlobalSection
	GlobalSection(ExtensibilityGlobals) = postSolution
		SolutionGuid = {9BDB2F33-2312-4D76-B2C3-D747E27A2021}
	EndGlobalSection
EndGlobal
